
Microsoft Visual Studio Solution File, Format Version 12.00
# Visual Studio 2013
VisualStudioVersion = 12.0.31101.0
MinimumVisualStudioVersion = 10.0.40219.1
Project("{FAE04EC0-301F-11D3-BF4B-00C04F79EFBC}") = "OpenAuthPrototype", "OpenAuthPrototype\OpenAuthPrototype.csproj", "{46670A86-B633-45BC-9F71-240A36E5CDCE}"
EndProject
Project("{FAE04EC0-301F-11D3-BF4B-00C04F79EFBC}") = "OpenAuthPrototype.Tests", "OpenAuthPrototype.Tests\OpenAuthPrototype.Tests.csproj", "{3C14D861-01D0-4DC3-BA7B-D67C5B58D282}"
EndProject
Global
	GlobalSection(SolutionConfigurationPlatforms) = preSolution
		Debug|Any CPU = Debug|Any CPU
		Release|Any CPU = Release|Any CPU
	EndGlobalSection
	GlobalSection(ProjectConfigurationPlatforms) = postSolution
		{46670A86-B633-45BC-9F71-240A36E5CDCE}.Debug|Any CPU.ActiveCfg = Debug|Any CPU
		{46670A86-B633-45BC-9F71-240A36E5CDCE}.Debug|Any CPU.Build.0 = Debug|Any CPU
		{46670A86-B633-45BC-9F71-240A36E5CDCE}.Release|Any CPU.ActiveCfg = Release|Any CPU
		{46670A86-B633-45BC-9F71-240A36E5CDCE}.Release|Any CPU.Build.0 = Release|Any CPU
		{3C14D861-01D0-4DC3-BA7B-D67C5B58D282}.Debug|Any CPU.ActiveCfg = Debug|Any CPU
		{3C14D861-01D0-4DC3-BA7B-D67C5B58D282}.Debug|Any CPU.Build.0 = Debug|Any CPU
		{3C14D861-01D0-4DC3-BA7B-D67C5B58D282}.Release|Any CPU.ActiveCfg = Release|Any CPU
		{3C14D861-01D0-4DC3-BA7B-D67C5B58D282}.Release|Any CPU.Build.0 = Release|Any CPU
	EndGlobalSection
	GlobalSection(SolutionProperties) = preSolution
		HideSolutionNode = FALSE
	EndGlobalSection
EndGlobal
